
Microsoft Visual Studio Solution File, Format Version 12.00
# Visual Studio 2012
Project("{FAE04EC0-301F-11D3-BF4B-00C04F79EFBC}") = "Common", "Common\Common.csproj", "{F35F0748-50BD-4442-B73F-591F490D6627}"
EndProject
Project("{2150E333-8FDC-42A3-9474-1A3956D46DE8}") = ".nuget", ".nuget", "{EC777AD3-4B15-4555-A93E-EABEF1D5BA5A}"
	ProjectSection(SolutionItems) = preProject
		.nuget\NuGet.Config = .nuget\NuGet.Config
		.nuget\NuGet.exe = .nuget\NuGet.exe
		.nuget\NuGet.targets = .nuget\NuGet.targets
	EndProjectSection
EndProject
Project("{FAE04EC0-301F-11D3-BF4B-00C04F79EFBC}") = "CommonTest", "CommonTest\CommonTest.csproj", "{9DA5DE22-A6A5-4D6D-B0E9-513F838BA9B1}"
EndProject
Global
	GlobalSection(SolutionConfigurationPlatforms) = preSolution
		Debug|Any CPU = Debug|Any CPU
		Release|Any CPU = Release|Any CPU
	EndGlobalSection
	GlobalSection(ProjectConfigurationPlatforms) = postSolution
		{F35F0748-50BD-4442-B73F-591F490D6627}.Debug|Any CPU.ActiveCfg = Debug|Any CPU
		{F35F0748-50BD-4442-B73F-591F490D6627}.Debug|Any CPU.Build.0 = Debug|Any CPU
		{F35F0748-50BD-4442-B73F-591F490D6627}.Release|Any CPU.ActiveCfg = Release|Any CPU
		{F35F0748-50BD-4442-B73F-591F490D6627}.Release|Any CPU.Build.0 = Release|Any CPU
		{9DA5DE22-A6A5-4D6D-B0E9-513F838BA9B1}.Debug|Any CPU.ActiveCfg = Debug|Any CPU
		{9DA5DE22-A6A5-4D6D-B0E9-513F838BA9B1}.Debug|Any CPU.Build.0 = Debug|Any CPU
		{9DA5DE22-A6A5-4D6D-B0E9-513F838BA9B1}.Release|Any CPU.ActiveCfg = Release|Any CPU
		{9DA5DE22-A6A5-4D6D-B0E9-513F838BA9B1}.Release|Any CPU.Build.0 = Release|Any CPU
	EndGlobalSection
	GlobalSection(SolutionProperties) = preSolution
		HideSolutionNode = FALSE
	EndGlobalSection
EndGlobal
